
Microsoft Visual Studio Solution File, Format Version 12.00
# Visual Studio Version 16
VisualStudioVersion = 16.0.29318.209
MinimumVisualStudioVersion = 10.0.40219.1
Project("{FAE04EC0-301F-11D3-BF4B-00C04F79EFBC}") = "TestTask", "TestTask\TestTask.csproj", "{319503A0-39CE-4472-8826-E477A45B25AA}"
EndProject
Global
	GlobalSection(SolutionConfigurationPlatforms) = preSolution
		Debug|Any CPU = Debug|Any CPU
		Release|Any CPU = Release|Any CPU
	EndGlobalSection
	GlobalSection(ProjectConfigurationPlatforms) = postSolution
		{319503A0-39CE-4472-8826-E477A45B25AA}.Debug|Any CPU.ActiveCfg = Debug|Any CPU
		{319503A0-39CE-4472-8826-E477A45B25AA}.Debug|Any CPU.Build.0 = Debug|Any CPU
		{319503A0-39CE-4472-8826-E477A45B25AA}.Release|Any CPU.ActiveCfg = Release|Any CPU
		{319503A0-39CE-4472-8826-E477A45B25AA}.Release|Any CPU.Build.0 = Release|Any CPU
	EndGlobalSection
	GlobalSection(SolutionProperties) = preSolution
		HideSolutionNode = FALSE
	EndGlobalSection
	GlobalSection(ExtensibilityGlobals) = postSolution
		SolutionGuid = {05F2B5FD-712C-49C5-B6D5-5E362B18C4C2}
	EndGlobalSection
EndGlobal
